
Microsoft Visual Studio Solution File, Format Version 12.00
Project("{FAE04EC0-301F-11D3-BF4B-00C04F79EFBC}") = "Domain", "Domain\Domain.csproj", "{38D4A634-416E-43FB-8064-F8FB7D534AE0}"
EndProject
Project("{FAE04EC0-301F-11D3-BF4B-00C04F79EFBC}") = "Persistence", "Persistence\Persistence.csproj", "{E4E557EB-B95E-465E-83FF-24CF16FC272D}"
EndProject
Project("{FAE04EC0-301F-11D3-BF4B-00C04F79EFBC}") = "WebAPI", "WebAPI\WebAPI.csproj", "{D7234635-97C6-476B-80CF-29B1958ACEB0}"
EndProject
Project("{FAE04EC0-301F-11D3-BF4B-00C04F79EFBC}") = "Model", "Model\Model.csproj", "{D3C8B564-07AD-4097-A142-C57E8D528551}"
EndProject
Global
	GlobalSection(SolutionConfigurationPlatforms) = preSolution
		Debug|Any CPU = Debug|Any CPU
		Release|Any CPU = Release|Any CPU
	EndGlobalSection
	GlobalSection(NestedProjects) = preSolution
	EndGlobalSection
	GlobalSection(ProjectConfigurationPlatforms) = postSolution
		{38D4A634-416E-43FB-8064-F8FB7D534AE0}.Debug|Any CPU.ActiveCfg = Debug|Any CPU
		{38D4A634-416E-43FB-8064-F8FB7D534AE0}.Debug|Any CPU.Build.0 = Debug|Any CPU
		{38D4A634-416E-43FB-8064-F8FB7D534AE0}.Release|Any CPU.ActiveCfg = Release|Any CPU
		{38D4A634-416E-43FB-8064-F8FB7D534AE0}.Release|Any CPU.Build.0 = Release|Any CPU
		{E4E557EB-B95E-465E-83FF-24CF16FC272D}.Debug|Any CPU.ActiveCfg = Debug|Any CPU
		{E4E557EB-B95E-465E-83FF-24CF16FC272D}.Debug|Any CPU.Build.0 = Debug|Any CPU
		{E4E557EB-B95E-465E-83FF-24CF16FC272D}.Release|Any CPU.ActiveCfg = Release|Any CPU
		{E4E557EB-B95E-465E-83FF-24CF16FC272D}.Release|Any CPU.Build.0 = Release|Any CPU
		{D7234635-97C6-476B-80CF-29B1958ACEB0}.Debug|Any CPU.ActiveCfg = Debug|Any CPU
		{D7234635-97C6-476B-80CF-29B1958ACEB0}.Debug|Any CPU.Build.0 = Debug|Any CPU
		{D7234635-97C6-476B-80CF-29B1958ACEB0}.Release|Any CPU.ActiveCfg = Release|Any CPU
		{D7234635-97C6-476B-80CF-29B1958ACEB0}.Release|Any CPU.Build.0 = Release|Any CPU
		{D3C8B564-07AD-4097-A142-C57E8D528551}.Debug|Any CPU.ActiveCfg = Debug|Any CPU
		{D3C8B564-07AD-4097-A142-C57E8D528551}.Debug|Any CPU.Build.0 = Debug|Any CPU
		{D3C8B564-07AD-4097-A142-C57E8D528551}.Release|Any CPU.ActiveCfg = Release|Any CPU
		{D3C8B564-07AD-4097-A142-C57E8D528551}.Release|Any CPU.Build.0 = Release|Any CPU
	EndGlobalSection
EndGlobal
